// !$*UTF8*$!
{
	archiveVersion = 1;
	classes = {
	};
	objectVersion = 51;
	objects = {

/* Begin PBXBuildFile section */
		88249D559CD248251F9D4C01 /* Pods_demo.framework in Frameworks */ = {isa = PBXBuildFile; fileRef = 3A77B1A2A48F64E61EAF7E3E /* Pods_demo.framework */; };
		BD8C407440A575ADCE27E0CA /* Pods_demo_demoUITests.framework in Frameworks */ = {isa = PBXBuildFile; fileRef = B0BB087351A1EDF232169FB8 /* Pods_demo_demoUITests.framework */; };
		C42CD1FB262298D4005A6538 /* AppDelegate.swift in Sources */ = {isa = PBXBuildFile; fileRef = C42CD1FA262298D4005A6538 /* AppDelegate.swift */; };
		C42CD1FD262298D4005A6538 /* SceneDelegate.swift in Sources */ = {isa = PBXBuildFile; fileRef = C42CD1FC262298D4005A6538 /* SceneDelegate.swift */; };
		C42CD1FF262298D4005A6538 /* ViewController.swift in Sources */ = {isa = PBXBuildFile; fileRef = C42CD1FE262298D4005A6538 /* ViewController.swift */; };
		C42CD205262298D4005A6538 /* demo.xcdatamodeld in Sources */ = {isa = PBXBuildFile; fileRef = C42CD203262298D4005A6538 /* demo.xcdatamodeld */; };
		C42CD207262298D5005A6538 /* Assets.xcassets in Resources */ = {isa = PBXBuildFile; fileRef = C42CD206262298D5005A6538 /* Assets.xcassets */; };
		C42CD20A262298D5005A6538 /* LaunchScreen.storyboard in Resources */ = {isa = PBXBuildFile; fileRef = C42CD208262298D5005A6538 /* LaunchScreen.storyboard */; };
		C42CD215262298D5005A6538 /* demoTests.swift in Sources */ = {isa = PBXBuildFile; fileRef = C42CD214262298D5005A6538 /* demoTests.swift */; };
		C42CD220262298D5005A6538 /* demoUITests.swift in Sources */ = {isa = PBXBuildFile; fileRef = C42CD21F262298D5005A6538 /* demoUITests.swift */; };
		C42CD23926229915005A6538 /* HomeViewPresenter.swift in Sources */ = {isa = PBXBuildFile; fileRef = C42CD23226229915005A6538 /* HomeViewPresenter.swift */; };
		C42CD23A26229915005A6538 /* HomeViewLocalDataManager.swift in Sources */ = {isa = PBXBuildFile; fileRef = C42CD23326229915005A6538 /* HomeViewLocalDataManager.swift */; };
		C42CD23B26229915005A6538 /* HomeViewProtocols.swift in Sources */ = {isa = PBXBuildFile; fileRef = C42CD23426229915005A6538 /* HomeViewProtocols.swift */; };
		C42CD23C26229915005A6538 /* HomeViewInteractor.swift in Sources */ = {isa = PBXBuildFile; fileRef = C42CD23526229915005A6538 /* HomeViewInteractor.swift */; };
		C42CD23D26229915005A6538 /* HomeViewView.swift in Sources */ = {isa = PBXBuildFile; fileRef = C42CD23626229915005A6538 /* HomeViewView.swift */; };
		C42CD23E26229915005A6538 /* HomeViewRemoteDataManager.swift in Sources */ = {isa = PBXBuildFile; fileRef = C42CD23726229915005A6538 /* HomeViewRemoteDataManager.swift */; };
		C42CD23F26229915005A6538 /* HomeViewWireFrame.swift in Sources */ = {isa = PBXBuildFile; fileRef = C42CD23826229915005A6538 /* HomeViewWireFrame.swift */; };
		C42CD24426229969005A6538 /* HomeView.storyboard in Resources */ = {isa = PBXBuildFile; fileRef = C42CD24326229969005A6538 /* HomeView.storyboard */; };
		C4EF3AF62622D9CE004A3AB1 /* FeedItemTableViewCell.swift in Sources */ = {isa = PBXBuildFile; fileRef = C4EF3AF52622D9CE004A3AB1 /* FeedItemTableViewCell.swift */; };
		C4EF3B092622F0A0004A3AB1 /* DetailPresenter.swift in Sources */ = {isa = PBXBuildFile; fileRef = C4EF3B022622F0A0004A3AB1 /* DetailPresenter.swift */; };
		C4EF3B0A2622F0A0004A3AB1 /* DetailLocalDataManager.swift in Sources */ = {isa = PBXBuildFile; fileRef = C4EF3B032622F0A0004A3AB1 /* DetailLocalDataManager.swift */; };
		C4EF3B0B2622F0A0004A3AB1 /* DetailProtocols.swift in Sources */ = {isa = PBXBuildFile; fileRef = C4EF3B042622F0A0004A3AB1 /* DetailProtocols.swift */; };
		C4EF3B0C2622F0A0004A3AB1 /* DetailInteractor.swift in Sources */ = {isa = PBXBuildFile; fileRef = C4EF3B052622F0A0004A3AB1 /* DetailInteractor.swift */; };
		C4EF3B0D2622F0A0004A3AB1 /* DetailView.swift in Sources */ = {isa = PBXBuildFile; fileRef = C4EF3B062622F0A0004A3AB1 /* DetailView.swift */; };
		C4EF3B0E2622F0A0004A3AB1 /* DetailRemoteDataManager.swift in Sources */ = {isa = PBXBuildFile; fileRef = C4EF3B072622F0A0004A3AB1 /* DetailRemoteDataManager.swift */; };
		C4EF3B0F2622F0A0004A3AB1 /* DetailWireFrame.swift in Sources */ = {isa = PBXBuildFile; fileRef = C4EF3B082622F0A0004A3AB1 /* DetailWireFrame.swift */; };
		C4EF3B182622F25A004A3AB1 /* DetailView.storyboard in Resources */ = {isa = PBXBuildFile; fileRef = C4EF3B172622F25A004A3AB1 /* DetailView.storyboard */; };
		C4F2F2982622BD8F00FEA9D4 /* JsonModels.swift in Sources */ = {isa = PBXBuildFile; fileRef = C4F2F2972622BD8F00FEA9D4 /* JsonModels.swift */; };
		C4F2F2A02622CAE900FEA9D4 /* ViewModels.swift in Sources */ = {isa = PBXBuildFile; fileRef = C4F2F29F2622CAE900FEA9D4 /* ViewModels.swift */; };
		EEB06B40D4935E26A2988F1D /* Pods_demoTests.framework in Frameworks */ = {isa = PBXBuildFile; fileRef = 7BEC25B6301ECD5EADBEA923 /* Pods_demoTests.framework */; };
/* End PBXBuildFile section */

/* Begin PBXContainerItemProxy section */
		C42CD211262298D5005A6538 /* PBXContainerItemProxy */ = {
			isa = PBXContainerItemProxy;
			containerPortal = C42CD1EF262298D4005A6538 /* Project object */;
			proxyType = 1;
			remoteGlobalIDString = C42CD1F6262298D4005A6538;
			remoteInfo = demo;
		};
		C42CD21C262298D5005A6538 /* PBXContainerItemProxy */ = {
			isa = PBXContainerItemProxy;
			containerPortal = C42CD1EF262298D4005A6538 /* Project object */;
			proxyType = 1;
			remoteGlobalIDString = C42CD1F6262298D4005A6538;
			remoteInfo = demo;
		};
/* End PBXContainerItemProxy section */

/* Begin PBXFileReference section */
		20E7A3EB2346A529A7B97E59 /* Pods-demo-demoUITests.release.xcconfig */ = {isa = PBXFileReference; includeInIndex = 1; lastKnownFileType = text.xcconfig; name = "Pods-demo-demoUITests.release.xcconfig"; path = "Target Support Files/Pods-demo-demoUITests/Pods-demo-demoUITests.release.xcconfig"; sourceTree = "<group>"; };
		3A77B1A2A48F64E61EAF7E3E /* Pods_demo.framework */ = {isa = PBXFileReference; explicitFileType = wrapper.framework; includeInIndex = 0; path = Pods_demo.framework; sourceTree = BUILT_PRODUCTS_DIR; };
		4FDD57F50C3B97D7D8CF3398 /* Pods-demo.debug.xcconfig */ = {isa = PBXFileReference; includeInIndex = 1; lastKnownFileType = text.xcconfig; name = "Pods-demo.debug.xcconfig"; path = "Target Support Files/Pods-demo/Pods-demo.debug.xcconfig"; sourceTree = "<group>"; };
		528601B62FEAF910CE251838 /* Pods-demo-demoUITests.debug.xcconfig */ = {isa = PBXFileReference; includeInIndex = 1; lastKnownFileType = text.xcconfig; name = "Pods-demo-demoUITests.debug.xcconfig"; path = "Target Support Files/Pods-demo-demoUITests/Pods-demo-demoUITests.debug.xcconfig"; sourceTree = "<group>"; };
		6B52C819F686C9833CF8D3E2 /* Pods-demoTests.debug.xcconfig */ = {isa = PBXFileReference; includeInIndex = 1; lastKnownFileType = text.xcconfig; name = "Pods-demoTests.debug.xcconfig"; path = "Target Support Files/Pods-demoTests/Pods-demoTests.debug.xcconfig"; sourceTree = "<group>"; };
		7BEC25B6301ECD5EADBEA923 /* Pods_demoTests.framework */ = {isa = PBXFileReference; explicitFileType = wrapper.framework; includeInIndex = 0; path = Pods_demoTests.framework; sourceTree = BUILT_PRODUCTS_DIR; };
		B0BB087351A1EDF232169FB8 /* Pods_demo_demoUITests.framework */ = {isa = PBXFileReference; explicitFileType = wrapper.framework; includeInIndex = 0; path = Pods_demo_demoUITests.framework; sourceTree = BUILT_PRODUCTS_DIR; };
		B2881950291F91FBBA87707D /* Pods-demo.release.xcconfig */ = {isa = PBXFileReference; includeInIndex = 1; lastKnownFileType = text.xcconfig; name = "Pods-demo.release.xcconfig"; path = "Target Support Files/Pods-demo/Pods-demo.release.xcconfig"; sourceTree = "<group>"; };
		B31883B76DB69F7367F20658 /* Pods-demoTests.release.xcconfig */ = {isa = PBXFileReference; includeInIndex = 1; lastKnownFileType = text.xcconfig; name = "Pods-demoTests.release.xcconfig"; path = "Target Support Files/Pods-demoTests/Pods-demoTests.release.xcconfig"; sourceTree = "<group>"; };
		C42CD1F7262298D4005A6538 /* demo.app */ = {isa = PBXFileReference; explicitFileType = wrapper.application; includeInIndex = 0; path = demo.app; sourceTree = BUILT_PRODUCTS_DIR; };
		C42CD1FA262298D4005A6538 /* AppDelegate.swift */ = {isa = PBXFileReference; lastKnownFileType = sourcecode.swift; path = AppDelegate.swift; sourceTree = "<group>"; };
		C42CD1FC262298D4005A6538 /* SceneDelegate.swift */ = {isa = PBXFileReference; lastKnownFileType = sourcecode.swift; path = SceneDelegate.swift; sourceTree = "<group>"; };
		C42CD1FE262298D4005A6538 /* ViewController.swift */ = {isa = PBXFileReference; lastKnownFileType = sourcecode.swift; path = ViewController.swift; sourceTree = "<group>"; };
		C42CD204262298D4005A6538 /* demo.xcdatamodel */ = {isa = PBXFileReference; lastKnownFileType = wrapper.xcdatamodel; path = demo.xcdatamodel; sourceTree = "<group>"; };
		C42CD206262298D5005A6538 /* Assets.xcassets */ = {isa = PBXFileReference; lastKnownFileType = folder.assetcatalog; path = Assets.xcassets; sourceTree = "<group>"; };
		C42CD209262298D5005A6538 /* Base */ = {isa = PBXFileReference; lastKnownFileType = file.storyboard; name = Base; path = Base.lproj/LaunchScreen.storyboard; sourceTree = "<group>"; };
		C42CD20B262298D5005A6538 /* Info.plist */ = {isa = PBXFileReference; lastKnownFileType = text.plist.xml; path = Info.plist; sourceTree = "<group>"; };
		C42CD210262298D5005A6538 /* demoTests.xctest */ = {isa = PBXFileReference; explicitFileType = wrapper.cfbundle; includeInIndex = 0; path = demoTests.xctest; sourceTree = BUILT_PRODUCTS_DIR; };
		C42CD214262298D5005A6538 /* demoTests.swift */ = {isa = PBXFileReference; lastKnownFileType = sourcecode.swift; path = demoTests.swift; sourceTree = "<group>"; };
		C42CD216262298D5005A6538 /* Info.plist */ = {isa = PBXFileReference; lastKnownFileType = text.plist.xml; path = Info.plist; sourceTree = "<group>"; };
		C42CD21B262298D5005A6538 /* demoUITests.xctest */ = {isa = PBXFileReference; explicitFileType = wrapper.cfbundle; includeInIndex = 0; path = demoUITests.xctest; sourceTree = BUILT_PRODUCTS_DIR; };
		C42CD21F262298D5005A6538 /* demoUITests.swift */ = {isa = PBXFileReference; lastKnownFileType = sourcecode.swift; path = demoUITests.swift; sourceTree = "<group>"; };
		C42CD221262298D5005A6538 /* Info.plist */ = {isa = PBXFileReference; lastKnownFileType = text.plist.xml; path = Info.plist; sourceTree = "<group>"; };
		C42CD23226229915005A6538 /* HomeViewPresenter.swift */ = {isa = PBXFileReference; lastKnownFileType = sourcecode.swift; path = HomeViewPresenter.swift; sourceTree = "<group>"; };
		C42CD23326229915005A6538 /* HomeViewLocalDataManager.swift */ = {isa = PBXFileReference; lastKnownFileType = sourcecode.swift; path = HomeViewLocalDataManager.swift; sourceTree = "<group>"; };
		C42CD23426229915005A6538 /* HomeViewProtocols.swift */ = {isa = PBXFileReference; lastKnownFileType = sourcecode.swift; path = HomeViewProtocols.swift; sourceTree = "<group>"; };
		C42CD23526229915005A6538 /* HomeViewInteractor.swift */ = {isa = PBXFileReference; lastKnownFileType = sourcecode.swift; path = HomeViewInteractor.swift; sourceTree = "<group>"; };
		C42CD23626229915005A6538 /* HomeViewView.swift */ = {isa = PBXFileReference; lastKnownFileType = sourcecode.swift; path = HomeViewView.swift; sourceTree = "<group>"; };
		C42CD23726229915005A6538 /* HomeViewRemoteDataManager.swift */ = {isa = PBXFileReference; lastKnownFileType = sourcecode.swift; path = HomeViewRemoteDataManager.swift; sourceTree = "<group>"; };
		C42CD23826229915005A6538 /* HomeViewWireFrame.swift */ = {isa = PBXFileReference; lastKnownFileType = sourcecode.swift; path = HomeViewWireFrame.swift; sourceTree = "<group>"; };
		C42CD24326229969005A6538 /* HomeView.storyboard */ = {isa = PBXFileReference; lastKnownFileType = file.storyboard; path = HomeView.storyboard; sourceTree = "<group>"; };
		C472515B2622AF370070D468 /* README.md */ = {isa = PBXFileReference; lastKnownFileType = net.daringfireball.markdown; path = README.md; sourceTree = "<group>"; };
		C4EF3AF52622D9CE004A3AB1 /* FeedItemTableViewCell.swift */ = {isa = PBXFileReference; lastKnownFileType = sourcecode.swift; path = FeedItemTableViewCell.swift; sourceTree = "<group>"; };
		C4EF3B022622F0A0004A3AB1 /* DetailPresenter.swift */ = {isa = PBXFileReference; lastKnownFileType = sourcecode.swift; path = DetailPresenter.swift; sourceTree = "<group>"; };
		C4EF3B032622F0A0004A3AB1 /* DetailLocalDataManager.swift */ = {isa = PBXFileReference; lastKnownFileType = sourcecode.swift; path = DetailLocalDataManager.swift; sourceTree = "<group>"; };
		C4EF3B042622F0A0004A3AB1 /* DetailProtocols.swift */ = {isa = PBXFileReference; lastKnownFileType = sourcecode.swift; path = DetailProtocols.swift; sourceTree = "<group>"; };
		C4EF3B052622F0A0004A3AB1 /* DetailInteractor.swift */ = {isa = PBXFileReference; lastKnownFileType = sourcecode.swift; path = DetailInteractor.swift; sourceTree = "<group>"; };
		C4EF3B062622F0A0004A3AB1 /* DetailView.swift */ = {isa = PBXFileReference; lastKnownFileType = sourcecode.swift; path = DetailView.swift; sourceTree = "<group>"; };
		C4EF3B072622F0A0004A3AB1 /* DetailRemoteDataManager.swift */ = {isa = PBXFileReference; lastKnownFileType = sourcecode.swift; path = DetailRemoteDataManager.swift; sourceTree = "<group>"; };
		C4EF3B082622F0A0004A3AB1 /* DetailWireFrame.swift */ = {isa = PBXFileReference; lastKnownFileType = sourcecode.swift; path = DetailWireFrame.swift; sourceTree = "<group>"; };
		C4EF3B172622F25A004A3AB1 /* DetailView.storyboard */ = {isa = PBXFileReference; lastKnownFileType = file.storyboard; path = DetailView.storyboard; sourceTree = "<group>"; };
		C4F2F2972622BD8F00FEA9D4 /* JsonModels.swift */ = {isa = PBXFileReference; lastKnownFileType = sourcecode.swift; path = JsonModels.swift; sourceTree = "<group>"; };
		C4F2F29F2622CAE900FEA9D4 /* ViewModels.swift */ = {isa = PBXFileReference; lastKnownFileType = sourcecode.swift; path = ViewModels.swift; sourceTree = "<group>"; };
/* End PBXFileReference section */

/* Begin PBXFrameworksBuildPhase section */
		C42CD1F4262298D4005A6538 /* Frameworks */ = {
			isa = PBXFrameworksBuildPhase;
			buildActionMask = 2147483647;
			files = (
				88249D559CD248251F9D4C01 /* Pods_demo.framework in Frameworks */,
			);
			runOnlyForDeploymentPostprocessing = 0;
		};
		C42CD20D262298D5005A6538 /* Frameworks */ = {
			isa = PBXFrameworksBuildPhase;
			buildActionMask = 2147483647;
			files = (
				EEB06B40D4935E26A2988F1D /* Pods_demoTests.framework in Frameworks */,
			);
			runOnlyForDeploymentPostprocessing = 0;
		};
		C42CD218262298D5005A6538 /* Frameworks */ = {
			isa = PBXFrameworksBuildPhase;
			buildActionMask = 2147483647;
			files = (
				BD8C407440A575ADCE27E0CA /* Pods_demo_demoUITests.framework in Frameworks */,
			);
			runOnlyForDeploymentPostprocessing = 0;
		};
/* End PBXFrameworksBuildPhase section */

/* Begin PBXGroup section */
		254CAFCD75E0CA07B13DD95C /* Pods */ = {
			isa = PBXGroup;
			children = (
				4FDD57F50C3B97D7D8CF3398 /* Pods-demo.debug.xcconfig */,
				B2881950291F91FBBA87707D /* Pods-demo.release.xcconfig */,
				528601B62FEAF910CE251838 /* Pods-demo-demoUITests.debug.xcconfig */,
				20E7A3EB2346A529A7B97E59 /* Pods-demo-demoUITests.release.xcconfig */,
				6B52C819F686C9833CF8D3E2 /* Pods-demoTests.debug.xcconfig */,
				B31883B76DB69F7367F20658 /* Pods-demoTests.release.xcconfig */,
			);
			path = Pods;
			sourceTree = "<group>";
		};
		79DE25B0E7524E28AA850569 /* Frameworks */ = {
			isa = PBXGroup;
			children = (
				3A77B1A2A48F64E61EAF7E3E /* Pods_demo.framework */,
				B0BB087351A1EDF232169FB8 /* Pods_demo_demoUITests.framework */,
				7BEC25B6301ECD5EADBEA923 /* Pods_demoTests.framework */,
			);
			name = Frameworks;
			sourceTree = "<group>";
		};
		C42CD1EE262298D4005A6538 = {
			isa = PBXGroup;
			children = (
				C472515B2622AF370070D468 /* README.md */,
				C42CD1F9262298D4005A6538 /* demo */,
				C42CD213262298D5005A6538 /* demoTests */,
				C42CD21E262298D5005A6538 /* demoUITests */,
				C42CD1F8262298D4005A6538 /* Products */,
				254CAFCD75E0CA07B13DD95C /* Pods */,
				79DE25B0E7524E28AA850569 /* Frameworks */,
			);
			sourceTree = "<group>";
		};
		C42CD1F8262298D4005A6538 /* Products */ = {
			isa = PBXGroup;
			children = (
				C42CD1F7262298D4005A6538 /* demo.app */,
				C42CD210262298D5005A6538 /* demoTests.xctest */,
				C42CD21B262298D5005A6538 /* demoUITests.xctest */,
			);
			name = Products;
			sourceTree = "<group>";
		};
		C42CD1F9262298D4005A6538 /* demo */ = {
			isa = PBXGroup;
			children = (
				C42CD230262298EF005A6538 /* modules */,
				C42CD1FA262298D4005A6538 /* AppDelegate.swift */,
				C42CD1FC262298D4005A6538 /* SceneDelegate.swift */,
				C42CD1FE262298D4005A6538 /* ViewController.swift */,
				C42CD206262298D5005A6538 /* Assets.xcassets */,
				C42CD208262298D5005A6538 /* LaunchScreen.storyboard */,
				C42CD20B262298D5005A6538 /* Info.plist */,
				C42CD203262298D4005A6538 /* demo.xcdatamodeld */,
			);
			path = demo;
			sourceTree = "<group>";
		};
		C42CD213262298D5005A6538 /* demoTests */ = {
			isa = PBXGroup;
			children = (
				C42CD214262298D5005A6538 /* demoTests.swift */,
				C42CD216262298D5005A6538 /* Info.plist */,
			);
			path = demoTests;
			sourceTree = "<group>";
		};
		C42CD21E262298D5005A6538 /* demoUITests */ = {
			isa = PBXGroup;
			children = (
				C42CD21F262298D5005A6538 /* demoUITests.swift */,
				C42CD221262298D5005A6538 /* Info.plist */,
			);
			path = demoUITests;
			sourceTree = "<group>";
		};
		C42CD230262298EF005A6538 /* modules */ = {
			isa = PBXGroup;
			children = (
				C42CD231262298F6005A6538 /* HomeView */,
				C4EF3B132622F0B3004A3AB1 /* DetailView */,
			);
			path = modules;
			sourceTree = "<group>";
		};
		C42CD231262298F6005A6538 /* HomeView */ = {
			isa = PBXGroup;
			children = (
				C4EF3AF42622D9AE004A3AB1 /* TableView */,
				C4F2F2962622BD7A00FEA9D4 /* Models */,
				C42CD23626229915005A6538 /* HomeViewView.swift */,
				C42CD24326229969005A6538 /* HomeView.storyboard */,
				C42CD23226229915005A6538 /* HomeViewPresenter.swift */,
				C42CD23326229915005A6538 /* HomeViewLocalDataManager.swift */,
				C42CD23426229915005A6538 /* HomeViewProtocols.swift */,
				C42CD23526229915005A6538 /* HomeViewInteractor.swift */,
				C42CD23726229915005A6538 /* HomeViewRemoteDataManager.swift */,
				C42CD23826229915005A6538 /* HomeViewWireFrame.swift */,
			);
			path = HomeView;
			sourceTree = "<group>";
		};
		C4EF3AF42622D9AE004A3AB1 /* TableView */ = {
			isa = PBXGroup;
			children = (
				C4EF3AF52622D9CE004A3AB1 /* FeedItemTableViewCell.swift */,
			);
			path = TableView;
			sourceTree = "<group>";
		};
		C4EF3B132622F0B3004A3AB1 /* DetailView */ = {
			isa = PBXGroup;
			children = (
				C4EF3B062622F0A0004A3AB1 /* DetailView.swift */,
				C4EF3B172622F25A004A3AB1 /* DetailView.storyboard */,
				C4EF3B022622F0A0004A3AB1 /* DetailPresenter.swift */,
				C4EF3B032622F0A0004A3AB1 /* DetailLocalDataManager.swift */,
				C4EF3B042622F0A0004A3AB1 /* DetailProtocols.swift */,
				C4EF3B052622F0A0004A3AB1 /* DetailInteractor.swift */,
				C4EF3B072622F0A0004A3AB1 /* DetailRemoteDataManager.swift */,
				C4EF3B082622F0A0004A3AB1 /* DetailWireFrame.swift */,
			);
			path = DetailView;
			sourceTree = "<group>";
		};
		C4F2F2962622BD7A00FEA9D4 /* Models */ = {
			isa = PBXGroup;
			children = (
				C4F2F2972622BD8F00FEA9D4 /* JsonModels.swift */,
				C4F2F29F2622CAE900FEA9D4 /* ViewModels.swift */,
			);
			path = Models;
			sourceTree = "<group>";
		};
/* End PBXGroup section */

/* Begin PBXNativeTarget section */
		C42CD1F6262298D4005A6538 /* demo */ = {
			isa = PBXNativeTarget;
			buildConfigurationList = C42CD224262298D5005A6538 /* Build configuration list for PBXNativeTarget "demo" */;
			buildPhases = (
				F259C5CF9BA9C9479E91A49F /* [CP] Check Pods Manifest.lock */,
				C42CD1F3262298D4005A6538 /* Sources */,
				C42CD1F4262298D4005A6538 /* Frameworks */,
				C42CD1F5262298D4005A6538 /* Resources */,
				0A263DF11FB0DE1018E24473 /* [CP] Embed Pods Frameworks */,
			);
			buildRules = (
			);
			dependencies = (
			);
			name = demo;
			productName = demo;
			productReference = C42CD1F7262298D4005A6538 /* demo.app */;
			productType = "com.apple.product-type.application";
		};
		C42CD20F262298D5005A6538 /* demoTests */ = {
			isa = PBXNativeTarget;
			buildConfigurationList = C42CD227262298D5005A6538 /* Build configuration list for PBXNativeTarget "demoTests" */;
			buildPhases = (
				A21CE0E27837368DACCB369B /* [CP] Check Pods Manifest.lock */,
				C42CD20C262298D5005A6538 /* Sources */,
				C42CD20D262298D5005A6538 /* Frameworks */,
				C42CD20E262298D5005A6538 /* Resources */,
			);
			buildRules = (
			);
			dependencies = (
				C42CD212262298D5005A6538 /* PBXTargetDependency */,
			);
			name = demoTests;
			productName = demoTests;
			productReference = C42CD210262298D5005A6538 /* demoTests.xctest */;
			productType = "com.apple.product-type.bundle.unit-test";
		};
		C42CD21A262298D5005A6538 /* demoUITests */ = {
			isa = PBXNativeTarget;
			buildConfigurationList = C42CD22A262298D5005A6538 /* Build configuration list for PBXNativeTarget "demoUITests" */;
			buildPhases = (
				3709184339739B45C270DE9A /* [CP] Check Pods Manifest.lock */,
				C42CD217262298D5005A6538 /* Sources */,
				C42CD218262298D5005A6538 /* Frameworks */,
				C42CD219262298D5005A6538 /* Resources */,
				9E7B69F7EE13C35D1F12453B /* [CP] Embed Pods Frameworks */,
			);
			buildRules = (
			);
			dependencies = (
				C42CD21D262298D5005A6538 /* PBXTargetDependency */,
			);
			name = demoUITests;
			productName = demoUITests;
			productReference = C42CD21B262298D5005A6538 /* demoUITests.xctest */;
			productType = "com.apple.product-type.bundle.ui-testing";
		};
/* End PBXNativeTarget section */

/* Begin PBXProject section */
		C42CD1EF262298D4005A6538 /* Project object */ = {
			isa = PBXProject;
			attributes = {
				LastSwiftUpdateCheck = 1240;
				LastUpgradeCheck = 1240;
				TargetAttributes = {
					C42CD1F6262298D4005A6538 = {
						CreatedOnToolsVersion = 12.4;
					};
					C42CD20F262298D5005A6538 = {
						CreatedOnToolsVersion = 12.4;
						TestTargetID = C42CD1F6262298D4005A6538;
					};
					C42CD21A262298D5005A6538 = {
						CreatedOnToolsVersion = 12.4;
						TestTargetID = C42CD1F6262298D4005A6538;
					};
				};
			};
			buildConfigurationList = C42CD1F2262298D4005A6538 /* Build configuration list for PBXProject "demo" */;
			compatibilityVersion = "Xcode 9.3";
			developmentRegion = en;
			hasScannedForEncodings = 0;
			knownRegions = (
				en,
				Base,
			);
			mainGroup = C42CD1EE262298D4005A6538;
			productRefGroup = C42CD1F8262298D4005A6538 /* Products */;
			projectDirPath = "";
			projectRoot = "";
			targets = (
				C42CD1F6262298D4005A6538 /* demo */,
				C42CD20F262298D5005A6538 /* demoTests */,
				C42CD21A262298D5005A6538 /* demoUITests */,
			);
		};
/* End PBXProject section */

/* Begin PBXResourcesBuildPhase section */
		C42CD1F5262298D4005A6538 /* Resources */ = {
			isa = PBXResourcesBuildPhase;
			buildActionMask = 2147483647;
			files = (
				C42CD20A262298D5005A6538 /* LaunchScreen.storyboard in Resources */,
				C42CD207262298D5005A6538 /* Assets.xcassets in Resources */,
				C4EF3B182622F25A004A3AB1 /* DetailView.storyboard in Resources */,
				C42CD24426229969005A6538 /* HomeView.storyboard in Resources */,
			);
			runOnlyForDeploymentPostprocessing = 0;
		};
		C42CD20E262298D5005A6538 /* Resources */ = {
			isa = PBXResourcesBuildPhase;
			buildActionMask = 2147483647;
			files = (
			);
			runOnlyForDeploymentPostprocessing = 0;
		};
		C42CD219262298D5005A6538 /* Resources */ = {
			isa = PBXResourcesBuildPhase;
			buildActionMask = 2147483647;
			files = (
			);
			runOnlyForDeploymentPostprocessing = 0;
		};
/* End PBXResourcesBuildPhase section */

/* Begin PBXShellScriptBuildPhase section */
		0A263DF11FB0DE1018E24473 /* [CP] Embed Pods Frameworks */ = {
			isa = PBXShellScriptBuildPhase;
			buildActionMask = 2147483647;
			files = (
			);
			inputFileListPaths = (
				"${PODS_ROOT}/Target Support Files/Pods-demo/Pods-demo-frameworks-${CONFIGURATION}-input-files.xcfilelist",
			);
			name = "[CP] Embed Pods Frameworks";
			outputFileListPaths = (
				"${PODS_ROOT}/Target Support Files/Pods-demo/Pods-demo-frameworks-${CONFIGURATION}-output-files.xcfilelist",
			);
			runOnlyForDeploymentPostprocessing = 0;
			shellPath = /bin/sh;
			shellScript = "\"${PODS_ROOT}/Target Support Files/Pods-demo/Pods-demo-frameworks.sh\"\n";
			showEnvVarsInLog = 0;
		};
		3709184339739B45C270DE9A /* [CP] Check Pods Manifest.lock */ = {
			isa = PBXShellScriptBuildPhase;
			buildActionMask = 2147483647;
			files = (
			);
			inputFileListPaths = (
			);
			inputPaths = (
				"${PODS_PODFILE_DIR_PATH}/Podfile.lock",
				"${PODS_ROOT}/Manifest.lock",
			);
			name = "[CP] Check Pods Manifest.lock";
			outputFileListPaths = (
			);
			outputPaths = (
				"$(DERIVED_FILE_DIR)/Pods-demo-demoUITests-checkManifestLockResult.txt",
			);
			runOnlyForDeploymentPostprocessing = 0;
			shellPath = /bin/sh;
			shellScript = "diff \"${PODS_PODFILE_DIR_PATH}/Podfile.lock\" \"${PODS_ROOT}/Manifest.lock\" > /dev/null\nif [ $? != 0 ] ; then\n    # print error to STDERR\n    echo \"error: The sandbox is not in sync with the Podfile.lock. Run 'pod install' or update your CocoaPods installation.\" >&2\n    exit 1\nfi\n# This output is used by Xcode 'outputs' to avoid re-running this script phase.\necho \"SUCCESS\" > \"${SCRIPT_OUTPUT_FILE_0}\"\n";
			showEnvVarsInLog = 0;
		};
		9E7B69F7EE13C35D1F12453B /* [CP] Embed Pods Frameworks */ = {
			isa = PBXShellScriptBuildPhase;
			buildActionMask = 2147483647;
			files = (
			);
			inputFileListPaths = (
				"${PODS_ROOT}/Target Support Files/Pods-demo-demoUITests/Pods-demo-demoUITests-frameworks-${CONFIGURATION}-input-files.xcfilelist",
			);
			name = "[CP] Embed Pods Frameworks";
			outputFileListPaths = (
				"${PODS_ROOT}/Target Support Files/Pods-demo-demoUITests/Pods-demo-demoUITests-frameworks-${CONFIGURATION}-output-files.xcfilelist",
			);
			runOnlyForDeploymentPostprocessing = 0;
			shellPath = /bin/sh;
			shellScript = "\"${PODS_ROOT}/Target Support Files/Pods-demo-demoUITests/Pods-demo-demoUITests-frameworks.sh\"\n";
			showEnvVarsInLog = 0;
		};
		A21CE0E27837368DACCB369B /* [CP] Check Pods Manifest.lock */ = {
			isa = PBXShellScriptBuildPhase;
			buildActionMask = 2147483647;
			files = (
			);
			inputFileListPaths = (
			);
			inputPaths = (
				"${PODS_PODFILE_DIR_PATH}/Podfile.lock",
				"${PODS_ROOT}/Manifest.lock",
			);
			name = "[CP] Check Pods Manifest.lock";
			outputFileListPaths = (
			);
			outputPaths = (
				"$(DERIVED_FILE_DIR)/Pods-demoTests-checkManifestLockResult.txt",
			);
			runOnlyForDeploymentPostprocessing = 0;
			shellPath = /bin/sh;
			shellScript = "diff \"${PODS_PODFILE_DIR_PATH}/Podfile.lock\" \"${PODS_ROOT}/Manifest.lock\" > /dev/null\nif [ $? != 0 ] ; then\n    # print error to STDERR\n    echo \"error: The sandbox is not in sync with the Podfile.lock. Run 'pod install' or update your CocoaPods installation.\" >&2\n    exit 1\nfi\n# This output is used by Xcode 'outputs' to avoid re-running this script phase.\necho \"SUCCESS\" > \"${SCRIPT_OUTPUT_FILE_0}\"\n";
			showEnvVarsInLog = 0;
		};
		F259C5CF9BA9C9479E91A49F /* [CP] Check Pods Manifest.lock */ = {
			isa = PBXShellScriptBuildPhase;
			buildActionMask = 2147483647;
			files = (
			);
			inputFileListPaths = (
			);
			inputPaths = (
				"${PODS_PODFILE_DIR_PATH}/Podfile.lock",
				"${PODS_ROOT}/Manifest.lock",
			);
			name = "[CP] Check Pods Manifest.lock";
			outputFileListPaths = (
			);
			outputPaths = (
				"$(DERIVED_FILE_DIR)/Pods-demo-checkManifestLockResult.txt",
			);
			runOnlyForDeploymentPostprocessing = 0;
			shellPath = /bin/sh;
			shellScript = "diff \"${PODS_PODFILE_DIR_PATH}/Podfile.lock\" \"${PODS_ROOT}/Manifest.lock\" > /dev/null\nif [ $? != 0 ] ; then\n    # print error to STDERR\n    echo \"error: The sandbox is not in sync with the Podfile.lock. Run 'pod install' or update your CocoaPods installation.\" >&2\n    exit 1\nfi\n# This output is used by Xcode 'outputs' to avoid re-running this script phase.\necho \"SUCCESS\" > \"${SCRIPT_OUTPUT_FILE_0}\"\n";
			showEnvVarsInLog = 0;
		};
/* End PBXShellScriptBuildPhase section */

/* Begin PBXSourcesBuildPhase section */
		C42CD1F3262298D4005A6538 /* Sources */ = {
			isa = PBXSourcesBuildPhase;
			buildActionMask = 2147483647;
			files = (
				C42CD23D26229915005A6538 /* HomeViewView.swift in Sources */,
				C42CD1FF262298D4005A6538 /* ViewController.swift in Sources */,
				C42CD1FB262298D4005A6538 /* AppDelegate.swift in Sources */,
				C4EF3B0C2622F0A0004A3AB1 /* DetailInteractor.swift in Sources */,
				C4F2F2982622BD8F00FEA9D4 /* JsonModels.swift in Sources */,
				C42CD23C26229915005A6538 /* HomeViewInteractor.swift in Sources */,
				C42CD205262298D4005A6538 /* demo.xcdatamodeld in Sources */,
				C42CD23A26229915005A6538 /* HomeViewLocalDataManager.swift in Sources */,
				C4EF3B0E2622F0A0004A3AB1 /* DetailRemoteDataManager.swift in Sources */,
				C4EF3B0F2622F0A0004A3AB1 /* DetailWireFrame.swift in Sources */,
				C42CD23B26229915005A6538 /* HomeViewProtocols.swift in Sources */,
				C4EF3B0B2622F0A0004A3AB1 /* DetailProtocols.swift in Sources */,
				C4EF3B092622F0A0004A3AB1 /* DetailPresenter.swift in Sources */,
				C42CD23E26229915005A6538 /* HomeViewRemoteDataManager.swift in Sources */,
				C4EF3B0A2622F0A0004A3AB1 /* DetailLocalDataManager.swift in Sources */,
				C4F2F2A02622CAE900FEA9D4 /* ViewModels.swift in Sources */,
				C42CD1FD262298D4005A6538 /* SceneDelegate.swift in Sources */,
				C42CD23926229915005A6538 /* HomeViewPresenter.swift in Sources */,
				C4EF3B0D2622F0A0004A3AB1 /* DetailView.swift in Sources */,
				C4EF3AF62622D9CE004A3AB1 /* FeedItemTableViewCell.swift in Sources */,
				C42CD23F26229915005A6538 /* HomeViewWireFrame.swift in Sources */,
			);
			runOnlyForDeploymentPostprocessing = 0;
		};
		C42CD20C262298D5005A6538 /* Sources */ = {
			isa = PBXSourcesBuildPhase;
			buildActionMask = 2147483647;
			files = (
				C42CD215262298D5005A6538 /* demoTests.swift in Sources */,
			);
			runOnlyForDeploymentPostprocessing = 0;
		};
		C42CD217262298D5005A6538 /* Sources */ = {
			isa = PBXSourcesBuildPhase;
			buildActionMask = 2147483647;
			files = (
				C42CD220262298D5005A6538 /* demoUITests.swift in Sources */,
			);
			runOnlyForDeploymentPostprocessing = 0;
		};
/* End PBXSourcesBuildPhase section */

/* Begin PBXTargetDependency section */
		C42CD212262298D5005A6538 /* PBXTargetDependency */ = {
			isa = PBXTargetDependency;
			target = C42CD1F6262298D4005A6538 /* demo */;
			targetProxy = C42CD211262298D5005A6538 /* PBXContainerItemProxy */;
		};
		C42CD21D262298D5005A6538 /* PBXTargetDependency */ = {
			isa = PBXTargetDependency;
			target = C42CD1F6262298D4005A6538 /* demo */;
			targetProxy = C42CD21C262298D5005A6538 /* PBXContainerItemProxy */;
		};
/* End PBXTargetDependency section */

/* Begin PBXVariantGroup section */
		C42CD208262298D5005A6538 /* LaunchScreen.storyboard */ = {
			isa = PBXVariantGroup;
			children = (
				C42CD209262298D5005A6538 /* Base */,
			);
			name = LaunchScreen.storyboard;
			sourceTree = "<group>";
		};
/* End PBXVariantGroup section */

/* Begin XCBuildConfiguration section */
		C42CD222262298D5005A6538 /* Debug */ = {
			isa = XCBuildConfiguration;
			buildSettings = {
				ALWAYS_SEARCH_USER_PATHS = NO;
				CLANG_ANALYZER_NONNULL = YES;
				CLANG_ANALYZER_NUMBER_OBJECT_CONVERSION = YES_AGGRESSIVE;
				CLANG_CXX_LANGUAGE_STANDARD = "gnu++14";
				CLANG_CXX_LIBRARY = "libc++";
				CLANG_ENABLE_MODULES = YES;
				CLANG_ENABLE_OBJC_ARC = YES;
				CLANG_ENABLE_OBJC_WEAK = YES;
				CLANG_WARN_BLOCK_CAPTURE_AUTORELEASING = YES;
				CLANG_WARN_BOOL_CONVERSION = YES;
				CLANG_WARN_COMMA = YES;
				CLANG_WARN_CONSTANT_CONVERSION = YES;
				CLANG_WARN_DEPRECATED_OBJC_IMPLEMENTATIONS = YES;
				CLANG_WARN_DIRECT_OBJC_ISA_USAGE = YES_ERROR;
				CLANG_WARN_DOCUMENTATION_COMMENTS = YES;
				CLANG_WARN_EMPTY_BODY = YES;
				CLANG_WARN_ENUM_CONVERSION = YES;
				CLANG_WARN_INFINITE_RECURSION = YES;
				CLANG_WARN_INT_CONVERSION = YES;
				CLANG_WARN_NON_LITERAL_NULL_CONVERSION = YES;
				CLANG_WARN_OBJC_IMPLICIT_RETAIN_SELF = YES;
				CLANG_WARN_OBJC_LITERAL_CONVERSION = YES;
				CLANG_WARN_OBJC_ROOT_CLASS = YES_ERROR;
				CLANG_WARN_QUOTED_INCLUDE_IN_FRAMEWORK_HEADER = YES;
				CLANG_WARN_RANGE_LOOP_ANALYSIS = YES;
				CLANG_WARN_STRICT_PROTOTYPES = YES;
				CLANG_WARN_SUSPICIOUS_MOVE = YES;
				CLANG_WARN_UNGUARDED_AVAILABILITY = YES_AGGRESSIVE;
				CLANG_WARN_UNREACHABLE_CODE = YES;
				CLANG_WARN__DUPLICATE_METHOD_MATCH = YES;
				COPY_PHASE_STRIP = NO;
				DEBUG_INFORMATION_FORMAT = dwarf;
				ENABLE_STRICT_OBJC_MSGSEND = YES;
				ENABLE_TESTABILITY = YES;
				GCC_C_LANGUAGE_STANDARD = gnu11;
				GCC_DYNAMIC_NO_PIC = NO;
				GCC_NO_COMMON_BLOCKS = YES;
				GCC_OPTIMIZATION_LEVEL = 0;
				GCC_PREPROCESSOR_DEFINITIONS = (
					"DEBUG=1",
					"$(inherited)",
				);
				GCC_WARN_64_TO_32_BIT_CONVERSION = YES;
				GCC_WARN_ABOUT_RETURN_TYPE = YES_ERROR;
				GCC_WARN_UNDECLARED_SELECTOR = YES;
				GCC_WARN_UNINITIALIZED_AUTOS = YES_AGGRESSIVE;
				GCC_WARN_UNUSED_FUNCTION = YES;
				GCC_WARN_UNUSED_VARIABLE = YES;
				IPHONEOS_DEPLOYMENT_TARGET = 14.4;
				MTL_ENABLE_DEBUG_INFO = INCLUDE_SOURCE;
				MTL_FAST_MATH = YES;
				ONLY_ACTIVE_ARCH = YES;
				SDKROOT = iphoneos;
				SWIFT_ACTIVE_COMPILATION_CONDITIONS = DEBUG;
				SWIFT_OPTIMIZATION_LEVEL = "-Onone";
			};
			name = Debug;
		};
		C42CD223262298D5005A6538 /* Release */ = {
			isa = XCBuildConfiguration;
			buildSettings = {
				ALWAYS_SEARCH_USER_PATHS = NO;
				CLANG_ANALYZER_NONNULL = YES;
				CLANG_ANALYZER_NUMBER_OBJECT_CONVERSION = YES_AGGRESSIVE;
				CLANG_CXX_LANGUAGE_STANDARD = "gnu++14";
				CLANG_CXX_LIBRARY = "libc++";
				CLANG_ENABLE_MODULES = YES;
				CLANG_ENABLE_OBJC_ARC = YES;
				CLANG_ENABLE_OBJC_WEAK = YES;
				CLANG_WARN_BLOCK_CAPTURE_AUTORELEASING = YES;
				CLANG_WARN_BOOL_CONVERSION = YES;
				CLANG_WARN_COMMA = YES;
				CLANG_WARN_CONSTANT_CONVERSION = YES;
				CLANG_WARN_DEPRECATED_OBJC_IMPLEMENTATIONS = YES;
				CLANG_WARN_DIRECT_OBJC_ISA_USAGE = YES_ERROR;
				CLANG_WARN_DOCUMENTATION_COMMENTS = YES;
				CLANG_WARN_EMPTY_BODY = YES;
				CLANG_WARN_ENUM_CONVERSION = YES;
				CLANG_WARN_INFINITE_RECURSION = YES;
				CLANG_WARN_INT_CONVERSION = YES;
				CLANG_WARN_NON_LITERAL_NULL_CONVERSION = YES;
				CLANG_WARN_OBJC_IMPLICIT_RETAIN_SELF = YES;
				CLANG_WARN_OBJC_LITERAL_CONVERSION = YES;
				CLANG_WARN_OBJC_ROOT_CLASS = YES_ERROR;
				CLANG_WARN_QUOTED_INCLUDE_IN_FRAMEWORK_HEADER = YES;
				CLANG_WARN_RANGE_LOOP_ANALYSIS = YES;
				CLANG_WARN_STRICT_PROTOTYPES = YES;
				CLANG_WARN_SUSPICIOUS_MOVE = YES;
				CLANG_WARN_UNGUARDED_AVAILABILITY = YES_AGGRESSIVE;
				CLANG_WARN_UNREACHABLE_CODE = YES;
				CLANG_WARN__DUPLICATE_METHOD_MATCH = YES;
				COPY_PHASE_STRIP = NO;
				DEBUG_INFORMATION_FORMAT = "dwarf-with-dsym";
				ENABLE_NS_ASSERTIONS = NO;
				ENABLE_STRICT_OBJC_MSGSEND = YES;
				GCC_C_LANGUAGE_STANDARD = gnu11;
				GCC_NO_COMMON_BLOCKS = YES;
				GCC_WARN_64_TO_32_BIT_CONVERSION = YES;
				GCC_WARN_ABOUT_RETURN_TYPE = YES_ERROR;
				GCC_WARN_UNDECLARED_SELECTOR = YES;
				GCC_WARN_UNINITIALIZED_AUTOS = YES_AGGRESSIVE;
				GCC_WARN_UNUSED_FUNCTION = YES;
				GCC_WARN_UNUSED_VARIABLE = YES;
				IPHONEOS_DEPLOYMENT_TARGET = 14.4;
				MTL_ENABLE_DEBUG_INFO = NO;
				MTL_FAST_MATH = YES;
				SDKROOT = iphoneos;
				SWIFT_COMPILATION_MODE = wholemodule;
				SWIFT_OPTIMIZATION_LEVEL = "-O";
				VALIDATE_PRODUCT = YES;
			};
			name = Release;
		};
		C42CD225262298D5005A6538 /* Debug */ = {
			isa = XCBuildConfiguration;
			baseConfigurationReference = 4FDD57F50C3B97D7D8CF3398 /* Pods-demo.debug.xcconfig */;
			buildSettings = {
				ASSETCATALOG_COMPILER_APPICON_NAME = AppIcon;
				ASSETCATALOG_COMPILER_GLOBAL_ACCENT_COLOR_NAME = AccentColor;
				CODE_SIGN_STYLE = Automatic;
				DEVELOPMENT_TEAM = U7L6CK3M87;
				INFOPLIST_FILE = demo/Info.plist;
				LD_RUNPATH_SEARCH_PATHS = (
					"$(inherited)",
					"@executable_path/Frameworks",
				);
				PRODUCT_BUNDLE_IDENTIFIER = cl.reign.demo;
				PRODUCT_NAME = "$(TARGET_NAME)";
				SWIFT_VERSION = 5.0;
				TARGETED_DEVICE_FAMILY = "1,2";
			};
			name = Debug;
		};
		C42CD226262298D5005A6538 /* Release */ = {
			isa = XCBuildConfiguration;
			baseConfigurationReference = B2881950291F91FBBA87707D /* Pods-demo.release.xcconfig */;
			buildSettings = {
				ASSETCATALOG_COMPILER_APPICON_NAME = AppIcon;
				ASSETCATALOG_COMPILER_GLOBAL_ACCENT_COLOR_NAME = AccentColor;
				CODE_SIGN_STYLE = Automatic;
				DEVELOPMENT_TEAM = U7L6CK3M87;
				INFOPLIST_FILE = demo/Info.plist;
				LD_RUNPATH_SEARCH_PATHS = (
					"$(inherited)",
					"@executable_path/Frameworks",
				);
				PRODUCT_BUNDLE_IDENTIFIER = cl.reign.demo;
				PRODUCT_NAME = "$(TARGET_NAME)";
				SWIFT_VERSION = 5.0;
				TARGETED_DEVICE_FAMILY = "1,2";
			};
			name = Release;
		};
		C42CD228262298D5005A6538 /* Debug */ = {
			isa = XCBuildConfiguration;
			baseConfigurationReference = 6B52C819F686C9833CF8D3E2 /* Pods-demoTests.debug.xcconfig */;
			buildSettings = {
				ALWAYS_EMBED_SWIFT_STANDARD_LIBRARIES = YES;
				BUNDLE_LOADER = "$(TEST_HOST)";
				CODE_SIGN_STYLE = Automatic;
				DEVELOPMENT_TEAM = U7L6CK3M87;
				INFOPLIST_FILE = demoTests/Info.plist;
				IPHONEOS_DEPLOYMENT_TARGET = 14.4;
				LD_RUNPATH_SEARCH_PATHS = (
					"$(inherited)",
					"@executable_path/Frameworks",
					"@loader_path/Frameworks",
				);
				PRODUCT_BUNDLE_IDENTIFIER = cl.reign.demoTests;
				PRODUCT_NAME = "$(TARGET_NAME)";
				SWIFT_VERSION = 5.0;
				TARGETED_DEVICE_FAMILY = "1,2";
				TEST_HOST = "$(BUILT_PRODUCTS_DIR)/demo.app/demo";
			};
			name = Debug;
		};
		C42CD229262298D5005A6538 /* Release */ = {
			isa = XCBuildConfiguration;
			baseConfigurationReference = B31883B76DB69F7367F20658 /* Pods-demoTests.release.xcconfig */;
			buildSettings = {
				ALWAYS_EMBED_SWIFT_STANDARD_LIBRARIES = YES;
				BUNDLE_LOADER = "$(TEST_HOST)";
				CODE_SIGN_STYLE = Automatic;
				DEVELOPMENT_TEAM = U7L6CK3M87;
				INFOPLIST_FILE = demoTests/Info.plist;
				IPHONEOS_DEPLOYMENT_TARGET = 14.4;
				LD_RUNPATH_SEARCH_PATHS = (
					"$(inherited)",
					"@executable_path/Frameworks",
					"@loader_path/Frameworks",
				);
				PRODUCT_BUNDLE_IDENTIFIER = cl.reign.demoTests;
				PRODUCT_NAME = "$(TARGET_NAME)";
				SWIFT_VERSION = 5.0;
				TARGETED_DEVICE_FAMILY = "1,2";
				TEST_HOST = "$(BUILT_PRODUCTS_DIR)/demo.app/demo";
			};
			name = Release;
		};
		C42CD22B262298D5005A6538 /* Debug */ = {
			isa = XCBuildConfiguration;
			baseConfigurationReference = 528601B62FEAF910CE251838 /* Pods-demo-demoUITests.debug.xcconfig */;
			buildSettings = {
				ALWAYS_EMBED_SWIFT_STANDARD_LIBRARIES = YES;
				CODE_SIGN_STYLE = Automatic;
				DEVELOPMENT_TEAM = U7L6CK3M87;
				INFOPLIST_FILE = demoUITests/Info.plist;
				LD_RUNPATH_SEARCH_PATHS = (
					"$(inherited)",
					"@executable_path/Frameworks",
					"@loader_path/Frameworks",
				);
				PRODUCT_BUNDLE_IDENTIFIER = cl.reign.demoUITests;
				PRODUCT_NAME = "$(TARGET_NAME)";
				SWIFT_VERSION = 5.0;
				TARGETED_DEVICE_FAMILY = "1,2";
				TEST_TARGET_NAME = demo;
			};
			name = Debug;
		};
		C42CD22C262298D5005A6538 /* Release */ = {
			isa = XCBuildConfiguration;
			baseConfigurationReference = 20E7A3EB2346A529A7B97E59 /* Pods-demo-demoUITests.release.xcconfig */;
			buildSettings = {
				ALWAYS_EMBED_SWIFT_STANDARD_LIBRARIES = YES;
				CODE_SIGN_STYLE = Automatic;
				DEVELOPMENT_TEAM = U7L6CK3M87;
				INFOPLIST_FILE = demoUITests/Info.plist;
				LD_RUNPATH_SEARCH_PATHS = (
					"$(inherited)",
					"@executable_path/Frameworks",
					"@loader_path/Frameworks",
				);
				PRODUCT_BUNDLE_IDENTIFIER = cl.reign.demoUITests;
				PRODUCT_NAME = "$(TARGET_NAME)";
				SWIFT_VERSION = 5.0;
				TARGETED_DEVICE_FAMILY = "1,2";
				TEST_TARGET_NAME = demo;
			};
			name = Release;
		};
/* End XCBuildConfiguration section */

/* Begin XCConfigurationList section */
		C42CD1F2262298D4005A6538 /* Build configuration list for PBXProject "demo" */ = {
			isa = XCConfigurationList;
			buildConfigurations = (
				C42CD222262298D5005A6538 /* Debug */,
				C42CD223262298D5005A6538 /* Release */,
			);
			defaultConfigurationIsVisible = 0;
			defaultConfigurationName = Release;
		};
		C42CD224262298D5005A6538 /* Build configuration list for PBXNativeTarget "demo" */ = {
			isa = XCConfigurationList;
			buildConfigurations = (
				C42CD225262298D5005A6538 /* Debug */,
				C42CD226262298D5005A6538 /* Release */,
			);
			defaultConfigurationIsVisible = 0;
			defaultConfigurationName = Release;
		};
		C42CD227262298D5005A6538 /* Build configuration list for PBXNativeTarget "demoTests" */ = {
			isa = XCConfigurationList;
			buildConfigurations = (
				C42CD228262298D5005A6538 /* Debug */,
				C42CD229262298D5005A6538 /* Release */,
			);
			defaultConfigurationIsVisible = 0;
			defaultConfigurationName = Release;
		};
		C42CD22A262298D5005A6538 /* Build configuration list for PBXNativeTarget "demoUITests" */ = {
			isa = XCConfigurationList;
			buildConfigurations = (
				C42CD22B262298D5005A6538 /* Debug */,
				C42CD22C262298D5005A6538 /* Release */,
			);
			defaultConfigurationIsVisible = 0;
			defaultConfigurationName = Release;
		};
/* End XCConfigurationList section */

/* Begin XCVersionGroup section */
		C42CD203262298D4005A6538 /* demo.xcdatamodeld */ = {
			isa = XCVersionGroup;
			children = (
				C42CD204262298D4005A6538 /* demo.xcdatamodel */,
			);
			currentVersion = C42CD204262298D4005A6538 /* demo.xcdatamodel */;
			path = demo.xcdatamodeld;
			sourceTree = "<group>";
			versionGroupType = wrapper.xcdatamodel;
		};
/* End XCVersionGroup section */
	};
	rootObject = C42CD1EF262298D4005A6538 /* Project object */;
}
